
Microsoft Visual Studio Solution File, Format Version 12.00
# Visual Studio Version 17
VisualStudioVersion = 17.9.34714.143
MinimumVisualStudioVersion = 10.0.40219.1
Project("{FAE04EC0-301F-11D3-BF4B-00C04F79EFBC}") = "questão 3", "questão 3\questão 3.csproj", "{C6D36059-1568-40E2-9ACD-226D9B118E5B}"
EndProject
Global
	GlobalSection(SolutionConfigurationPlatforms) = preSolution
		Debug|Any CPU = Debug|Any CPU
		Release|Any CPU = Release|Any CPU
	EndGlobalSection
	GlobalSection(ProjectConfigurationPlatforms) = postSolution
		{C6D36059-1568-40E2-9ACD-226D9B118E5B}.Debug|Any CPU.ActiveCfg = Debug|Any CPU
		{C6D36059-1568-40E2-9ACD-226D9B118E5B}.Debug|Any CPU.Build.0 = Debug|Any CPU
		{C6D36059-1568-40E2-9ACD-226D9B118E5B}.Release|Any CPU.ActiveCfg = Release|Any CPU
		{C6D36059-1568-40E2-9ACD-226D9B118E5B}.Release|Any CPU.Build.0 = Release|Any CPU
	EndGlobalSection
	GlobalSection(SolutionProperties) = preSolution
		HideSolutionNode = FALSE
	EndGlobalSection
	GlobalSection(ExtensibilityGlobals) = postSolution
		SolutionGuid = {D28615D8-6C14-4831-8F84-B7828F91F2AE}
	EndGlobalSection
EndGlobal
